
Microsoft Visual Studio Solution File, Format Version 12.00
# Visual Studio Version 16
VisualStudioVersion = 16.0.31702.278
MinimumVisualStudioVersion = 10.0.40219.1
Project("{FAE04EC0-301F-11D3-BF4B-00C04F79EFBC}") = "ConsoleApp1", "ConsoleApp1.csproj", "{3F1FE747-28BC-42E1-BEEC-6BD7F2346D07}"
EndProject
Global
	GlobalSection(SolutionConfigurationPlatforms) = preSolution
		Debug|Any CPU = Debug|Any CPU
		Release|Any CPU = Release|Any CPU
	EndGlobalSection
	GlobalSection(ProjectConfigurationPlatforms) = postSolution
		{3F1FE747-28BC-42E1-BEEC-6BD7F2346D07}.Debug|Any CPU.ActiveCfg = Debug|Any CPU
		{3F1FE747-28BC-42E1-BEEC-6BD7F2346D07}.Debug|Any CPU.Build.0 = Debug|Any CPU
		{3F1FE747-28BC-42E1-BEEC-6BD7F2346D07}.Release|Any CPU.ActiveCfg = Release|Any CPU
		{3F1FE747-28BC-42E1-BEEC-6BD7F2346D07}.Release|Any CPU.Build.0 = Release|Any CPU
	EndGlobalSection
	GlobalSection(SolutionProperties) = preSolution
		HideSolutionNode = FALSE
	EndGlobalSection
	GlobalSection(ExtensibilityGlobals) = postSolution
		SolutionGuid = {1819A064-1D27-42CC-9363-221B812A50A7}
	EndGlobalSection
EndGlobal
